
Microsoft Visual Studio Solution File, Format Version 12.00
# Visual Studio Version 17
VisualStudioVersion = 17.3.32901.215
MinimumVisualStudioVersion = 10.0.40219.1
Project("{FAE04EC0-301F-11D3-BF4B-00C04F79EFBC}") = "ConsoleApp4", "ConsoleApp4\ConsoleApp4.csproj", "{D42B6146-FB00-477A-9F1E-88BD5E48E89C}"
EndProject
Global
	GlobalSection(SolutionConfigurationPlatforms) = preSolution
		Debug|Any CPU = Debug|Any CPU
		Release|Any CPU = Release|Any CPU
	EndGlobalSection
	GlobalSection(ProjectConfigurationPlatforms) = postSolution
		{D42B6146-FB00-477A-9F1E-88BD5E48E89C}.Debug|Any CPU.ActiveCfg = Debug|Any CPU
		{D42B6146-FB00-477A-9F1E-88BD5E48E89C}.Debug|Any CPU.Build.0 = Debug|Any CPU
		{D42B6146-FB00-477A-9F1E-88BD5E48E89C}.Release|Any CPU.ActiveCfg = Release|Any CPU
		{D42B6146-FB00-477A-9F1E-88BD5E48E89C}.Release|Any CPU.Build.0 = Release|Any CPU
	EndGlobalSection
	GlobalSection(SolutionProperties) = preSolution
		HideSolutionNode = FALSE
	EndGlobalSection
	GlobalSection(ExtensibilityGlobals) = postSolution
		SolutionGuid = {6FFEAA00-79B5-4EC5-BA0E-30E87C8F18F7}
	EndGlobalSection
EndGlobal
